// !$*UTF8*$!
{
	archiveVersion = 1;
	classes = {
	};
	objectVersion = 77;
	objects = {

/* Begin PBXBuildFile section */
		821E69FF2D4D16DF0095423F /* RealmSwift in Frameworks */ = {isa = PBXBuildFile; productRef = 821E69FE2D4D16DF0095423F /* RealmSwift */; };
		821E6A002D4D16DF0095423F /* RealmSwift in Embed Frameworks */ = {isa = PBXBuildFile; productRef = 821E69FE2D4D16DF0095423F /* RealmSwift */; settings = {ATTRIBUTES = (CodeSignOnCopy, ); }; };
		82ADCDB42D4E1049009A6F93 /* RealmSwift in Frameworks */ = {isa = PBXBuildFile; productRef = 82ADCDB32D4E1049009A6F93 /* RealmSwift */; };
		82ADCDB52D4E1049009A6F93 /* RealmSwift in Embed Frameworks */ = {isa = PBXBuildFile; productRef = 82ADCDB32D4E1049009A6F93 /* RealmSwift */; settings = {ATTRIBUTES = (CodeSignOnCopy, ); }; };
/* End PBXBuildFile section */

/* Begin PBXContainerItemProxy section */
		821E69CF2D4D12520095423F /* PBXContainerItemProxy */ = {
			isa = PBXContainerItemProxy;
			containerPortal = 821E69B52D4D124F0095423F /* Project object */;
			proxyType = 1;
			remoteGlobalIDString = 821E69BC2D4D124F0095423F;
			remoteInfo = ToDoWeatherApp;
		};
		821E69D92D4D12520095423F /* PBXContainerItemProxy */ = {
			isa = PBXContainerItemProxy;
			containerPortal = 821E69B52D4D124F0095423F /* Project object */;
			proxyType = 1;
			remoteGlobalIDString = 821E69BC2D4D124F0095423F;
			remoteInfo = ToDoWeatherApp;
		};
/* End PBXContainerItemProxy section */

/* Begin PBXCopyFilesBuildPhase section */
		821E6A012D4D16DF0095423F /* Embed Frameworks */ = {
			isa = PBXCopyFilesBuildPhase;
			buildActionMask = 2147483647;
			dstPath = "";
			dstSubfolderSpec = 10;
			files = (
				821E6A002D4D16DF0095423F /* RealmSwift in Embed Frameworks */,
			);
			name = "Embed Frameworks";
			runOnlyForDeploymentPostprocessing = 0;
		};
		82ADCDB62D4E1049009A6F93 /* Embed Frameworks */ = {
			isa = PBXCopyFilesBuildPhase;
			buildActionMask = 2147483647;
			dstPath = "";
			dstSubfolderSpec = 10;
			files = (
				82ADCDB52D4E1049009A6F93 /* RealmSwift in Embed Frameworks */,
			);
			name = "Embed Frameworks";
			runOnlyForDeploymentPostprocessing = 0;
		};
/* End PBXCopyFilesBuildPhase section */

/* Begin PBXFileReference section */
		821E69BD2D4D124F0095423F /* ToDoWeatherApp.app */ = {isa = PBXFileReference; explicitFileType = wrapper.application; includeInIndex = 0; path = ToDoWeatherApp.app; sourceTree = BUILT_PRODUCTS_DIR; };
		821E69CE2D4D12520095423F /* ToDoWeatherAppTests.xctest */ = {isa = PBXFileReference; explicitFileType = wrapper.cfbundle; includeInIndex = 0; path = ToDoWeatherAppTests.xctest; sourceTree = BUILT_PRODUCTS_DIR; };
		821E69D82D4D12520095423F /* ToDoWeatherAppUITests.xctest */ = {isa = PBXFileReference; explicitFileType = wrapper.cfbundle; includeInIndex = 0; path = ToDoWeatherAppUITests.xctest; sourceTree = BUILT_PRODUCTS_DIR; };
/* End PBXFileReference section */

/* Begin PBXFileSystemSynchronizedRootGroup section */
		821E69BF2D4D124F0095423F /* ToDoWeatherApp */ = {
			isa = PBXFileSystemSynchronizedRootGroup;
			path = ToDoWeatherApp;
			sourceTree = "<group>";
		};
		821E69D12D4D12520095423F /* ToDoWeatherAppTests */ = {
			isa = PBXFileSystemSynchronizedRootGroup;
			path = ToDoWeatherAppTests;
			sourceTree = "<group>";
		};
		821E69DB2D4D12520095423F /* ToDoWeatherAppUITests */ = {
			isa = PBXFileSystemSynchronizedRootGroup;
			path = ToDoWeatherAppUITests;
			sourceTree = "<group>";
		};
/* End PBXFileSystemSynchronizedRootGroup section */

/* Begin PBXFrameworksBuildPhase section */
		821E69BA2D4D124F0095423F /* Frameworks */ = {
			isa = PBXFrameworksBuildPhase;
			buildActionMask = 2147483647;
			files = (
				821E69FF2D4D16DF0095423F /* RealmSwift in Frameworks */,
			);
			runOnlyForDeploymentPostprocessing = 0;
		};
		821E69CB2D4D12520095423F /* Frameworks */ = {
			isa = PBXFrameworksBuildPhase;
			buildActionMask = 2147483647;
			files = (
				82ADCDB42D4E1049009A6F93 /* RealmSwift in Frameworks */,
			);
			runOnlyForDeploymentPostprocessing = 0;
		};
		821E69D52D4D12520095423F /* Frameworks */ = {
			isa = PBXFrameworksBuildPhase;
			buildActionMask = 2147483647;
			files = (
			);
			runOnlyForDeploymentPostprocessing = 0;
		};
/* End PBXFrameworksBuildPhase section */

/* Begin PBXGroup section */
		821E69B42D4D124F0095423F = {
			isa = PBXGroup;
			children = (
				821E69BF2D4D124F0095423F /* ToDoWeatherApp */,
				821E69D12D4D12520095423F /* ToDoWeatherAppTests */,
				821E69DB2D4D12520095423F /* ToDoWeatherAppUITests */,
				821E69FD2D4D16DF0095423F /* Frameworks */,
				821E69BE2D4D124F0095423F /* Products */,
			);
			sourceTree = "<group>";
		};
		821E69BE2D4D124F0095423F /* Products */ = {
			isa = PBXGroup;
			children = (
				821E69BD2D4D124F0095423F /* ToDoWeatherApp.app */,
				821E69CE2D4D12520095423F /* ToDoWeatherAppTests.xctest */,
				821E69D82D4D12520095423F /* ToDoWeatherAppUITests.xctest */,
			);
			name = Products;
			sourceTree = "<group>";
		};
		821E69FD2D4D16DF0095423F /* Frameworks */ = {
			isa = PBXGroup;
			children = (
			);
			name = Frameworks;
			sourceTree = "<group>";
		};
/* End PBXGroup section */

/* Begin PBXNativeTarget section */
		821E69BC2D4D124F0095423F /* ToDoWeatherApp */ = {
			isa = PBXNativeTarget;
			buildConfigurationList = 821E69E22D4D12520095423F /* Build configuration list for PBXNativeTarget "ToDoWeatherApp" */;
			buildPhases = (
				821E69B92D4D124F0095423F /* Sources */,
				821E69BA2D4D124F0095423F /* Frameworks */,
				821E69BB2D4D124F0095423F /* Resources */,
				821E6A012D4D16DF0095423F /* Embed Frameworks */,
			);
			buildRules = (
			);
			dependencies = (
			);
			fileSystemSynchronizedGroups = (
				821E69BF2D4D124F0095423F /* ToDoWeatherApp */,
			);
			name = ToDoWeatherApp;
			packageProductDependencies = (
				821E69FE2D4D16DF0095423F /* RealmSwift */,
			);
			productName = ToDoWeatherApp;
			productReference = 821E69BD2D4D124F0095423F /* ToDoWeatherApp.app */;
			productType = "com.apple.product-type.application";
		};
		821E69CD2D4D12520095423F /* ToDoWeatherAppTests */ = {
			isa = PBXNativeTarget;
			buildConfigurationList = 821E69E52D4D12520095423F /* Build configuration list for PBXNativeTarget "ToDoWeatherAppTests" */;
			buildPhases = (
				821E69CA2D4D12520095423F /* Sources */,
				821E69CB2D4D12520095423F /* Frameworks */,
				821E69CC2D4D12520095423F /* Resources */,
				82ADCDB62D4E1049009A6F93 /* Embed Frameworks */,
			);
			buildRules = (
			);
			dependencies = (
				821E69D02D4D12520095423F /* PBXTargetDependency */,
			);
			fileSystemSynchronizedGroups = (
				821E69D12D4D12520095423F /* ToDoWeatherAppTests */,
			);
			name = ToDoWeatherAppTests;
			packageProductDependencies = (
				82ADCDB32D4E1049009A6F93 /* RealmSwift */,
			);
			productName = ToDoWeatherAppTests;
			productReference = 821E69CE2D4D12520095423F /* ToDoWeatherAppTests.xctest */;
			productType = "com.apple.product-type.bundle.unit-test";
		};
		821E69D72D4D12520095423F /* ToDoWeatherAppUITests */ = {
			isa = PBXNativeTarget;
			buildConfigurationList = 821E69E82D4D12520095423F /* Build configuration list for PBXNativeTarget "ToDoWeatherAppUITests" */;
			buildPhases = (
				821E69D42D4D12520095423F /* Sources */,
				821E69D52D4D12520095423F /* Frameworks */,
				821E69D62D4D12520095423F /* Resources */,
			);
			buildRules = (
			);
			dependencies = (
				821E69DA2D4D12520095423F /* PBXTargetDependency */,
			);
			fileSystemSynchronizedGroups = (
				821E69DB2D4D12520095423F /* ToDoWeatherAppUITests */,
			);
			name = ToDoWeatherAppUITests;
			packageProductDependencies = (
			);
			productName = ToDoWeatherAppUITests;
			productReference = 821E69D82D4D12520095423F /* ToDoWeatherAppUITests.xctest */;
			productType = "com.apple.product-type.bundle.ui-testing";
		};
/* End PBXNativeTarget section */

/* Begin PBXProject section */
		821E69B52D4D124F0095423F /* Project object */ = {
			isa = PBXProject;
			attributes = {
				BuildIndependentTargetsInParallel = 1;
				LastSwiftUpdateCheck = 1620;
				LastUpgradeCheck = 1620;
				TargetAttributes = {
					821E69BC2D4D124F0095423F = {
						CreatedOnToolsVersion = 16.2;
					};
					821E69CD2D4D12520095423F = {
						CreatedOnToolsVersion = 16.2;
						TestTargetID = 821E69BC2D4D124F0095423F;
					};
					821E69D72D4D12520095423F = {
						CreatedOnToolsVersion = 16.2;
						TestTargetID = 821E69BC2D4D124F0095423F;
					};
				};
			};
			buildConfigurationList = 821E69B82D4D124F0095423F /* Build configuration list for PBXProject "ToDoWeatherApp" */;
			developmentRegion = en;
			hasScannedForEncodings = 0;
			knownRegions = (
				en,
				Base,
			);
			mainGroup = 821E69B42D4D124F0095423F;
			minimizedProjectReferenceProxies = 1;
			packageReferences = (
				821E69FC2D4D16B50095423F /* XCRemoteSwiftPackageReference "realm-swift" */,
			);
			preferredProjectObjectVersion = 77;
			productRefGroup = 821E69BE2D4D124F0095423F /* Products */;
			projectDirPath = "";
			projectRoot = "";
			targets = (
				821E69BC2D4D124F0095423F /* ToDoWeatherApp */,
				821E69CD2D4D12520095423F /* ToDoWeatherAppTests */,
				821E69D72D4D12520095423F /* ToDoWeatherAppUITests */,
			);
		};
/* End PBXProject section */

/* Begin PBXResourcesBuildPhase section */
		821E69BB2D4D124F0095423F /* Resources */ = {
			isa = PBXResourcesBuildPhase;
			buildActionMask = 2147483647;
			files = (
			);
			runOnlyForDeploymentPostprocessing = 0;
		};
		821E69CC2D4D12520095423F /* Resources */ = {
			isa = PBXResourcesBuildPhase;
			buildActionMask = 2147483647;
			files = (
			);
			runOnlyForDeploymentPostprocessing = 0;
		};
		821E69D62D4D12520095423F /* Resources */ = {
			isa = PBXResourcesBuildPhase;
			buildActionMask = 2147483647;
			files = (
			);
			runOnlyForDeploymentPostprocessing = 0;
		};
/* End PBXResourcesBuildPhase section */

/* Begin PBXSourcesBuildPhase section */
		821E69B92D4D124F0095423F /* Sources */ = {
			isa = PBXSourcesBuildPhase;
			buildActionMask = 2147483647;
			files = (
			);
			runOnlyForDeploymentPostprocessing = 0;
		};
		821E69CA2D4D12520095423F /* Sources */ = {
			isa = PBXSourcesBuildPhase;
			buildActionMask = 2147483647;
			files = (
			);
			runOnlyForDeploymentPostprocessing = 0;
		};
		821E69D42D4D12520095423F /* Sources */ = {
			isa = PBXSourcesBuildPhase;
			buildActionMask = 2147483647;
			files = (
			);
			runOnlyForDeploymentPostprocessing = 0;
		};
/* End PBXSourcesBuildPhase section */

/* Begin PBXTargetDependency section */
		821E69D02D4D12520095423F /* PBXTargetDependency */ = {
			isa = PBXTargetDependency;
			target = 821E69BC2D4D124F0095423F /* ToDoWeatherApp */;
			targetProxy = 821E69CF2D4D12520095423F /* PBXContainerItemProxy */;
		};
		821E69DA2D4D12520095423F /* PBXTargetDependency */ = {
			isa = PBXTargetDependency;
			target = 821E69BC2D4D124F0095423F /* ToDoWeatherApp */;
			targetProxy = 821E69D92D4D12520095423F /* PBXContainerItemProxy */;
		};
/* End PBXTargetDependency section */

/* Begin XCBuildConfiguration section */
		821E69E02D4D12520095423F /* Debug */ = {
			isa = XCBuildConfiguration;
			buildSettings = {
				ALWAYS_SEARCH_USER_PATHS = NO;
				ASSETCATALOG_COMPILER_GENERATE_SWIFT_ASSET_SYMBOL_EXTENSIONS = YES;
				CLANG_ANALYZER_NONNULL = YES;
				CLANG_ANALYZER_NUMBER_OBJECT_CONVERSION = YES_AGGRESSIVE;
				CLANG_CXX_LANGUAGE_STANDARD = "gnu++20";
				CLANG_ENABLE_MODULES = YES;
				CLANG_ENABLE_OBJC_ARC = YES;
				CLANG_ENABLE_OBJC_WEAK = YES;
				CLANG_WARN_BLOCK_CAPTURE_AUTORELEASING = YES;
				CLANG_WARN_BOOL_CONVERSION = YES;
				CLANG_WARN_COMMA = YES;
				CLANG_WARN_CONSTANT_CONVERSION = YES;
				CLANG_WARN_DEPRECATED_OBJC_IMPLEMENTATIONS = YES;
				CLANG_WARN_DIRECT_OBJC_ISA_USAGE = YES_ERROR;
				CLANG_WARN_DOCUMENTATION_COMMENTS = YES;
				CLANG_WARN_EMPTY_BODY = YES;
				CLANG_WARN_ENUM_CONVERSION = YES;
				CLANG_WARN_INFINITE_RECURSION = YES;
				CLANG_WARN_INT_CONVERSION = YES;
				CLANG_WARN_NON_LITERAL_NULL_CONVERSION = YES;
				CLANG_WARN_OBJC_IMPLICIT_RETAIN_SELF = YES;
				CLANG_WARN_OBJC_LITERAL_CONVERSION = YES;
				CLANG_WARN_OBJC_ROOT_CLASS = YES_ERROR;
				CLANG_WARN_QUOTED_INCLUDE_IN_FRAMEWORK_HEADER = YES;
				CLANG_WARN_RANGE_LOOP_ANALYSIS = YES;
				CLANG_WARN_STRICT_PROTOTYPES = YES;
				CLANG_WARN_SUSPICIOUS_MOVE = YES;
				CLANG_WARN_UNGUARDED_AVAILABILITY = YES_AGGRESSIVE;
				CLANG_WARN_UNREACHABLE_CODE = YES;
				CLANG_WARN__DUPLICATE_METHOD_MATCH = YES;
				COPY_PHASE_STRIP = NO;
				DEBUG_INFORMATION_FORMAT = dwarf;
				ENABLE_STRICT_OBJC_MSGSEND = YES;
				ENABLE_TESTABILITY = YES;
				ENABLE_USER_SCRIPT_SANDBOXING = YES;
				GCC_C_LANGUAGE_STANDARD = gnu17;
				GCC_DYNAMIC_NO_PIC = NO;
				GCC_NO_COMMON_BLOCKS = YES;
				GCC_OPTIMIZATION_LEVEL = 0;
				GCC_PREPROCESSOR_DEFINITIONS = (
					"DEBUG=1",
					"$(inherited)",
				);
				GCC_WARN_64_TO_32_BIT_CONVERSION = YES;
				GCC_WARN_ABOUT_RETURN_TYPE = YES_ERROR;
				GCC_WARN_UNDECLARED_SELECTOR = YES;
				GCC_WARN_UNINITIALIZED_AUTOS = YES_AGGRESSIVE;
				GCC_WARN_UNUSED_FUNCTION = YES;
				GCC_WARN_UNUSED_VARIABLE = YES;
				LOCALIZATION_PREFERS_STRING_CATALOGS = YES;
				MTL_ENABLE_DEBUG_INFO = INCLUDE_SOURCE;
				MTL_FAST_MATH = YES;
				ONLY_ACTIVE_ARCH = YES;
				SWIFT_ACTIVE_COMPILATION_CONDITIONS = "DEBUG $(inherited)";
				SWIFT_OPTIMIZATION_LEVEL = "-Onone";
			};
			name = Debug;
		};
		821E69E12D4D12520095423F /* Release */ = {
			isa = XCBuildConfiguration;
			buildSettings = {
				ALWAYS_SEARCH_USER_PATHS = NO;
				ASSETCATALOG_COMPILER_GENERATE_SWIFT_ASSET_SYMBOL_EXTENSIONS = YES;
				CLANG_ANALYZER_NONNULL = YES;
				CLANG_ANALYZER_NUMBER_OBJECT_CONVERSION = YES_AGGRESSIVE;
				CLANG_CXX_LANGUAGE_STANDARD = "gnu++20";
				CLANG_ENABLE_MODULES = YES;
				CLANG_ENABLE_OBJC_ARC = YES;
				CLANG_ENABLE_OBJC_WEAK = YES;
				CLANG_WARN_BLOCK_CAPTURE_AUTORELEASING = YES;
				CLANG_WARN_BOOL_CONVERSION = YES;
				CLANG_WARN_COMMA = YES;
				CLANG_WARN_CONSTANT_CONVERSION = YES;
				CLANG_WARN_DEPRECATED_OBJC_IMPLEMENTATIONS = YES;
				CLANG_WARN_DIRECT_OBJC_ISA_USAGE = YES_ERROR;
				CLANG_WARN_DOCUMENTATION_COMMENTS = YES;
				CLANG_WARN_EMPTY_BODY = YES;
				CLANG_WARN_ENUM_CONVERSION = YES;
				CLANG_WARN_INFINITE_RECURSION = YES;
				CLANG_WARN_INT_CONVERSION = YES;
				CLANG_WARN_NON_LITERAL_NULL_CONVERSION = YES;
				CLANG_WARN_OBJC_IMPLICIT_RETAIN_SELF = YES;
				CLANG_WARN_OBJC_LITERAL_CONVERSION = YES;
				CLANG_WARN_OBJC_ROOT_CLASS = YES_ERROR;
				CLANG_WARN_QUOTED_INCLUDE_IN_FRAMEWORK_HEADER = YES;
				CLANG_WARN_RANGE_LOOP_ANALYSIS = YES;
				CLANG_WARN_STRICT_PROTOTYPES = YES;
				CLANG_WARN_SUSPICIOUS_MOVE = YES;
				CLANG_WARN_UNGUARDED_AVAILABILITY = YES_AGGRESSIVE;
				CLANG_WARN_UNREACHABLE_CODE = YES;
				CLANG_WARN__DUPLICATE_METHOD_MATCH = YES;
				COPY_PHASE_STRIP = NO;
				DEBUG_INFORMATION_FORMAT = "dwarf-with-dsym";
				ENABLE_NS_ASSERTIONS = NO;
				ENABLE_STRICT_OBJC_MSGSEND = YES;
				ENABLE_USER_SCRIPT_SANDBOXING = YES;
				GCC_C_LANGUAGE_STANDARD = gnu17;
				GCC_NO_COMMON_BLOCKS = YES;
				GCC_WARN_64_TO_32_BIT_CONVERSION = YES;
				GCC_WARN_ABOUT_RETURN_TYPE = YES_ERROR;
				GCC_WARN_UNDECLARED_SELECTOR = YES;
				GCC_WARN_UNINITIALIZED_AUTOS = YES_AGGRESSIVE;
				GCC_WARN_UNUSED_FUNCTION = YES;
				GCC_WARN_UNUSED_VARIABLE = YES;
				LOCALIZATION_PREFERS_STRING_CATALOGS = YES;
				MTL_ENABLE_DEBUG_INFO = NO;
				MTL_FAST_MATH = YES;
				SWIFT_COMPILATION_MODE = wholemodule;
			};
			name = Release;
		};
		821E69E32D4D12520095423F /* Debug */ = {
			isa = XCBuildConfiguration;
			buildSettings = {
				ASSETCATALOG_COMPILER_APPICON_NAME = AppIcon;
				ASSETCATALOG_COMPILER_GLOBAL_ACCENT_COLOR_NAME = AccentColor;
				CODE_SIGN_ENTITLEMENTS = ToDoWeatherApp/ToDoWeatherApp.entitlements;
				CODE_SIGN_STYLE = Automatic;
				CURRENT_PROJECT_VERSION = 1;
				DEVELOPMENT_ASSET_PATHS = "\"ToDoWeatherApp/Preview Content\"";
				ENABLE_PREVIEWS = YES;
				GENERATE_INFOPLIST_FILE = YES;
				"INFOPLIST_KEY_UIApplicationSceneManifest_Generation[sdk=iphoneos*]" = YES;
				"INFOPLIST_KEY_UIApplicationSceneManifest_Generation[sdk=iphonesimulator*]" = YES;
				"INFOPLIST_KEY_UIApplicationSupportsIndirectInputEvents[sdk=iphoneos*]" = YES;
				"INFOPLIST_KEY_UIApplicationSupportsIndirectInputEvents[sdk=iphonesimulator*]" = YES;
				"INFOPLIST_KEY_UILaunchScreen_Generation[sdk=iphoneos*]" = YES;
				"INFOPLIST_KEY_UILaunchScreen_Generation[sdk=iphonesimulator*]" = YES;
				"INFOPLIST_KEY_UIStatusBarStyle[sdk=iphoneos*]" = UIStatusBarStyleDefault;
				"INFOPLIST_KEY_UIStatusBarStyle[sdk=iphonesimulator*]" = UIStatusBarStyleDefault;
				INFOPLIST_KEY_UISupportedInterfaceOrientations_iPad = "UIInterfaceOrientationPortrait UIInterfaceOrientationPortraitUpsideDown UIInterfaceOrientationLandscapeLeft UIInterfaceOrientationLandscapeRight";
				INFOPLIST_KEY_UISupportedInterfaceOrientations_iPhone = "UIInterfaceOrientationPortrait UIInterfaceOrientationLandscapeLeft UIInterfaceOrientationLandscapeRight";
				IPHONEOS_DEPLOYMENT_TARGET = 18.0;
				LD_RUNPATH_SEARCH_PATHS = "@executable_path/Frameworks";
				"LD_RUNPATH_SEARCH_PATHS[sdk=macosx*]" = "@executable_path/../Frameworks";
				MACOSX_DEPLOYMENT_TARGET = 15.1;
				MARKETING_VERSION = 1.0;
				PRODUCT_BUNDLE_IDENTIFIER = com.sibu.ToDoWeatherApp;
				PRODUCT_NAME = "$(TARGET_NAME)";
				SDKROOT = auto;
				SUPPORTED_PLATFORMS = "iphoneos iphonesimulator macosx xros xrsimulator";
				SWIFT_EMIT_LOC_STRINGS = YES;
				SWIFT_VERSION = 5.0;
				TARGETED_DEVICE_FAMILY = "1,2,7";
				XROS_DEPLOYMENT_TARGET = 2.2;
			};
			name = Debug;
		};
		821E69E42D4D12520095423F /* Release */ = {
			isa = XCBuildConfiguration;
			buildSettings = {
				ASSETCATALOG_COMPILER_APPICON_NAME = AppIcon;
				ASSETCATALOG_COMPILER_GLOBAL_ACCENT_COLOR_NAME = AccentColor;
				CODE_SIGN_ENTITLEMENTS = ToDoWeatherApp/ToDoWeatherApp.entitlements;
				CODE_SIGN_STYLE = Automatic;
				CURRENT_PROJECT_VERSION = 1;
				DEVELOPMENT_ASSET_PATHS = "\"ToDoWeatherApp/Preview Content\"";
				ENABLE_PREVIEWS = YES;
				GENERATE_INFOPLIST_FILE = YES;
				"INFOPLIST_KEY_UIApplicationSceneManifest_Generation[sdk=iphoneos*]" = YES;
				"INFOPLIST_KEY_UIApplicationSceneManifest_Generation[sdk=iphonesimulator*]" = YES;
				"INFOPLIST_KEY_UIApplicationSupportsIndirectInputEvents[sdk=iphoneos*]" = YES;
				"INFOPLIST_KEY_UIApplicationSupportsIndirectInputEvents[sdk=iphonesimulator*]" = YES;
				"INFOPLIST_KEY_UILaunchScreen_Generation[sdk=iphoneos*]" = YES;
				"INFOPLIST_KEY_UILaunchScreen_Generation[sdk=iphonesimulator*]" = YES;
				"INFOPLIST_KEY_UIStatusBarStyle[sdk=iphoneos*]" = UIStatusBarStyleDefault;
				"INFOPLIST_KEY_UIStatusBarStyle[sdk=iphonesimulator*]" = UIStatusBarStyleDefault;
				INFOPLIST_KEY_UISupportedInterfaceOrientations_iPad = "UIInterfaceOrientationPortrait UIInterfaceOrientationPortraitUpsideDown UIInterfaceOrientationLandscapeLeft UIInterfaceOrientationLandscapeRight";
				INFOPLIST_KEY_UISupportedInterfaceOrientations_iPhone = "UIInterfaceOrientationPortrait UIInterfaceOrientationLandscapeLeft UIInterfaceOrientationLandscapeRight";
				IPHONEOS_DEPLOYMENT_TARGET = 18.0;
				LD_RUNPATH_SEARCH_PATHS = "@executable_path/Frameworks";
				"LD_RUNPATH_SEARCH_PATHS[sdk=macosx*]" = "@executable_path/../Frameworks";
				MACOSX_DEPLOYMENT_TARGET = 15.1;
				MARKETING_VERSION = 1.0;
				PRODUCT_BUNDLE_IDENTIFIER = com.sibu.ToDoWeatherApp;
				PRODUCT_NAME = "$(TARGET_NAME)";
				SDKROOT = auto;
				SUPPORTED_PLATFORMS = "iphoneos iphonesimulator macosx xros xrsimulator";
				SWIFT_EMIT_LOC_STRINGS = YES;
				SWIFT_VERSION = 5.0;
				TARGETED_DEVICE_FAMILY = "1,2,7";
				XROS_DEPLOYMENT_TARGET = 2.2;
			};
			name = Release;
		};
		821E69E62D4D12520095423F /* Debug */ = {
			isa = XCBuildConfiguration;
			buildSettings = {
				BUNDLE_LOADER = "$(TEST_HOST)";
				CODE_SIGN_STYLE = Automatic;
				CURRENT_PROJECT_VERSION = 1;
				GENERATE_INFOPLIST_FILE = YES;
				IPHONEOS_DEPLOYMENT_TARGET = 18.0;
				MACOSX_DEPLOYMENT_TARGET = 15.1;
				MARKETING_VERSION = 1.0;
				PRODUCT_BUNDLE_IDENTIFIER = com.sibu.ToDoWeatherAppTests;
				PRODUCT_NAME = "$(TARGET_NAME)";
				SDKROOT = auto;
				SUPPORTED_PLATFORMS = "iphoneos iphonesimulator macosx xros xrsimulator";
				SWIFT_EMIT_LOC_STRINGS = NO;
				SWIFT_VERSION = 5.0;
				TARGETED_DEVICE_FAMILY = "1,2,7";
				TEST_HOST = "$(BUILT_PRODUCTS_DIR)/ToDoWeatherApp.app/$(BUNDLE_EXECUTABLE_FOLDER_PATH)/ToDoWeatherApp";
				XROS_DEPLOYMENT_TARGET = 2.2;
			};
			name = Debug;
		};
		821E69E72D4D12520095423F /* Release */ = {
			isa = XCBuildConfiguration;
			buildSettings = {
				BUNDLE_LOADER = "$(TEST_HOST)";
				CODE_SIGN_STYLE = Automatic;
				CURRENT_PROJECT_VERSION = 1;
				GENERATE_INFOPLIST_FILE = YES;
				IPHONEOS_DEPLOYMENT_TARGET = 18.0;
				MACOSX_DEPLOYMENT_TARGET = 15.1;
				MARKETING_VERSION = 1.0;
				PRODUCT_BUNDLE_IDENTIFIER = com.sibu.ToDoWeatherAppTests;
				PRODUCT_NAME = "$(TARGET_NAME)";
				SDKROOT = auto;
				SUPPORTED_PLATFORMS = "iphoneos iphonesimulator macosx xros xrsimulator";
				SWIFT_EMIT_LOC_STRINGS = NO;
				SWIFT_VERSION = 5.0;
				TARGETED_DEVICE_FAMILY = "1,2,7";
				TEST_HOST = "$(BUILT_PRODUCTS_DIR)/ToDoWeatherApp.app/$(BUNDLE_EXECUTABLE_FOLDER_PATH)/ToDoWeatherApp";
				XROS_DEPLOYMENT_TARGET = 2.2;
			};
			name = Release;
		};
		821E69E92D4D12520095423F /* Debug */ = {
			isa = XCBuildConfiguration;
			buildSettings = {
				CODE_SIGN_STYLE = Automatic;
				CURRENT_PROJECT_VERSION = 1;
				GENERATE_INFOPLIST_FILE = YES;
				IPHONEOS_DEPLOYMENT_TARGET = 18.0;
				MACOSX_DEPLOYMENT_TARGET = 15.1;
				MARKETING_VERSION = 1.0;
				PRODUCT_BUNDLE_IDENTIFIER = com.sibu.ToDoWeatherAppUITests;
				PRODUCT_NAME = "$(TARGET_NAME)";
				SDKROOT = auto;
				SUPPORTED_PLATFORMS = "iphoneos iphonesimulator macosx xros xrsimulator";
				SWIFT_EMIT_LOC_STRINGS = NO;
				SWIFT_VERSION = 5.0;
				TARGETED_DEVICE_FAMILY = "1,2,7";
				TEST_TARGET_NAME = ToDoWeatherApp;
				XROS_DEPLOYMENT_TARGET = 2.2;
			};
			name = Debug;
		};
		821E69EA2D4D12520095423F /* Release */ = {
			isa = XCBuildConfiguration;
			buildSettings = {
				CODE_SIGN_STYLE = Automatic;
				CURRENT_PROJECT_VERSION = 1;
				GENERATE_INFOPLIST_FILE = YES;
				IPHONEOS_DEPLOYMENT_TARGET = 18.0;
				MACOSX_DEPLOYMENT_TARGET = 15.1;
				MARKETING_VERSION = 1.0;
				PRODUCT_BUNDLE_IDENTIFIER = com.sibu.ToDoWeatherAppUITests;
				PRODUCT_NAME = "$(TARGET_NAME)";
				SDKROOT = auto;
				SUPPORTED_PLATFORMS = "iphoneos iphonesimulator macosx xros xrsimulator";
				SWIFT_EMIT_LOC_STRINGS = NO;
				SWIFT_VERSION = 5.0;
				TARGETED_DEVICE_FAMILY = "1,2,7";
				TEST_TARGET_NAME = ToDoWeatherApp;
				XROS_DEPLOYMENT_TARGET = 2.2;
			};
			name = Release;
		};
/* End XCBuildConfiguration section */

/* Begin XCConfigurationList section */
		821E69B82D4D124F0095423F /* Build configuration list for PBXProject "ToDoWeatherApp" */ = {
			isa = XCConfigurationList;
			buildConfigurations = (
				821E69E02D4D12520095423F /* Debug */,
				821E69E12D4D12520095423F /* Release */,
			);
			defaultConfigurationIsVisible = 0;
			defaultConfigurationName = Release;
		};
		821E69E22D4D12520095423F /* Build configuration list for PBXNativeTarget "ToDoWeatherApp" */ = {
			isa = XCConfigurationList;
			buildConfigurations = (
				821E69E32D4D12520095423F /* Debug */,
				821E69E42D4D12520095423F /* Release */,
			);
			defaultConfigurationIsVisible = 0;
			defaultConfigurationName = Release;
		};
		821E69E52D4D12520095423F /* Build configuration list for PBXNativeTarget "ToDoWeatherAppTests" */ = {
			isa = XCConfigurationList;
			buildConfigurations = (
				821E69E62D4D12520095423F /* Debug */,
				821E69E72D4D12520095423F /* Release */,
			);
			defaultConfigurationIsVisible = 0;
			defaultConfigurationName = Release;
		};
		821E69E82D4D12520095423F /* Build configuration list for PBXNativeTarget "ToDoWeatherAppUITests" */ = {
			isa = XCConfigurationList;
			buildConfigurations = (
				821E69E92D4D12520095423F /* Debug */,
				821E69EA2D4D12520095423F /* Release */,
			);
			defaultConfigurationIsVisible = 0;
			defaultConfigurationName = Release;
		};
/* End XCConfigurationList section */

/* Begin XCRemoteSwiftPackageReference section */
		821E69FC2D4D16B50095423F /* XCRemoteSwiftPackageReference "realm-swift" */ = {
			isa = XCRemoteSwiftPackageReference;
			repositoryURL = "https://github.com/realm/realm-swift";
			requirement = {
				kind = upToNextMajorVersion;
				minimumVersion = 10.0.0;
			};
		};
/* End XCRemoteSwiftPackageReference section */

/* Begin XCSwiftPackageProductDependency section */
		821E69FE2D4D16DF0095423F /* RealmSwift */ = {
			isa = XCSwiftPackageProductDependency;
			package = 821E69FC2D4D16B50095423F /* XCRemoteSwiftPackageReference "realm-swift" */;
			productName = RealmSwift;
		};
		82ADCDB32D4E1049009A6F93 /* RealmSwift */ = {
			isa = XCSwiftPackageProductDependency;
			package = 821E69FC2D4D16B50095423F /* XCRemoteSwiftPackageReference "realm-swift" */;
			productName = RealmSwift;
		};
/* End XCSwiftPackageProductDependency section */
	};
	rootObject = 821E69B52D4D124F0095423F /* Project object */;
}
